
Microsoft Visual Studio Solution File, Format Version 12.00
# Visual Studio Version 17
VisualStudioVersion = 17.12.35728.132 d17.12
MinimumVisualStudioVersion = 10.0.40219.1
Project("{FAE04EC0-301F-11D3-BF4B-00C04F79EFBC}") = "API", "API\API.csproj", "{96C1B6EF-EE86-4B4A-A77A-F9E1BEB4A1A9}"
EndProject
Project("{2150E333-8FDC-42A3-9474-1A3956D46DE8}") = "src", "src", "{4225C4DC-8CCA-4E8D-BB44-C750BEA3C2D1}"
EndProject
Project("{2150E333-8FDC-42A3-9474-1A3956D46DE8}") = "tests", "tests", "{87517672-8FE6-4805-AB32-695816BEC53F}"
EndProject
Project("{FAE04EC0-301F-11D3-BF4B-00C04F79EFBC}") = "Application", "Application\Application.csproj", "{A8EE539E-996A-4E0D-995B-5BEE16A1C5F2}"
EndProject
Project("{FAE04EC0-301F-11D3-BF4B-00C04F79EFBC}") = "Domain", "Domain\Domain.csproj", "{493A9F0E-4AFC-4AEE-ACFA-D3530407C2DF}"
EndProject
Project("{FAE04EC0-301F-11D3-BF4B-00C04F79EFBC}") = "Infrastructure", "Infrastructure\Infrastructure.csproj", "{3C2FFBC8-0DDE-41A8-96C2-9EF5D8CACA26}"
EndProject
Project("{FAE04EC0-301F-11D3-BF4B-00C04F79EFBC}") = "API.Tests", "API.Tests\API.Tests.csproj", "{20FBFE8A-04DA-413B-BBA4-E6E1C0B392CE}"
EndProject
Project("{FAE04EC0-301F-11D3-BF4B-00C04F79EFBC}") = "Application.Tests", "Application.Tests\Application.Tests.csproj", "{121210E4-063A-4BA3-BCF1-5127F9E2A8CA}"
EndProject
Project("{FAE04EC0-301F-11D3-BF4B-00C04F79EFBC}") = "Infastructure.Tests", "Infastructure.Tests\Infastructure.Tests.csproj", "{29F87DA1-6C13-43F0-A6A1-9199C8C3883C}"
EndProject
Global
	GlobalSection(SolutionConfigurationPlatforms) = preSolution
		Debug|Any CPU = Debug|Any CPU
		Release|Any CPU = Release|Any CPU
	EndGlobalSection
	GlobalSection(ProjectConfigurationPlatforms) = postSolution
		{96C1B6EF-EE86-4B4A-A77A-F9E1BEB4A1A9}.Debug|Any CPU.ActiveCfg = Debug|Any CPU
		{96C1B6EF-EE86-4B4A-A77A-F9E1BEB4A1A9}.Debug|Any CPU.Build.0 = Debug|Any CPU
		{96C1B6EF-EE86-4B4A-A77A-F9E1BEB4A1A9}.Release|Any CPU.ActiveCfg = Release|Any CPU
		{96C1B6EF-EE86-4B4A-A77A-F9E1BEB4A1A9}.Release|Any CPU.Build.0 = Release|Any CPU
		{A8EE539E-996A-4E0D-995B-5BEE16A1C5F2}.Debug|Any CPU.ActiveCfg = Debug|Any CPU
		{A8EE539E-996A-4E0D-995B-5BEE16A1C5F2}.Debug|Any CPU.Build.0 = Debug|Any CPU
		{A8EE539E-996A-4E0D-995B-5BEE16A1C5F2}.Release|Any CPU.ActiveCfg = Release|Any CPU
		{A8EE539E-996A-4E0D-995B-5BEE16A1C5F2}.Release|Any CPU.Build.0 = Release|Any CPU
		{493A9F0E-4AFC-4AEE-ACFA-D3530407C2DF}.Debug|Any CPU.ActiveCfg = Debug|Any CPU
		{493A9F0E-4AFC-4AEE-ACFA-D3530407C2DF}.Debug|Any CPU.Build.0 = Debug|Any CPU
		{493A9F0E-4AFC-4AEE-ACFA-D3530407C2DF}.Release|Any CPU.ActiveCfg = Release|Any CPU
		{493A9F0E-4AFC-4AEE-ACFA-D3530407C2DF}.Release|Any CPU.Build.0 = Release|Any CPU
		{3C2FFBC8-0DDE-41A8-96C2-9EF5D8CACA26}.Debug|Any CPU.ActiveCfg = Debug|Any CPU
		{3C2FFBC8-0DDE-41A8-96C2-9EF5D8CACA26}.Debug|Any CPU.Build.0 = Debug|Any CPU
		{3C2FFBC8-0DDE-41A8-96C2-9EF5D8CACA26}.Release|Any CPU.ActiveCfg = Release|Any CPU
		{3C2FFBC8-0DDE-41A8-96C2-9EF5D8CACA26}.Release|Any CPU.Build.0 = Release|Any CPU
		{20FBFE8A-04DA-413B-BBA4-E6E1C0B392CE}.Debug|Any CPU.ActiveCfg = Debug|Any CPU
		{20FBFE8A-04DA-413B-BBA4-E6E1C0B392CE}.Debug|Any CPU.Build.0 = Debug|Any CPU
		{20FBFE8A-04DA-413B-BBA4-E6E1C0B392CE}.Release|Any CPU.ActiveCfg = Release|Any CPU
		{20FBFE8A-04DA-413B-BBA4-E6E1C0B392CE}.Release|Any CPU.Build.0 = Release|Any CPU
		{121210E4-063A-4BA3-BCF1-5127F9E2A8CA}.Debug|Any CPU.ActiveCfg = Debug|Any CPU
		{121210E4-063A-4BA3-BCF1-5127F9E2A8CA}.Debug|Any CPU.Build.0 = Debug|Any CPU
		{121210E4-063A-4BA3-BCF1-5127F9E2A8CA}.Release|Any CPU.ActiveCfg = Release|Any CPU
		{121210E4-063A-4BA3-BCF1-5127F9E2A8CA}.Release|Any CPU.Build.0 = Release|Any CPU
		{29F87DA1-6C13-43F0-A6A1-9199C8C3883C}.Debug|Any CPU.ActiveCfg = Debug|Any CPU
		{29F87DA1-6C13-43F0-A6A1-9199C8C3883C}.Debug|Any CPU.Build.0 = Debug|Any CPU
		{29F87DA1-6C13-43F0-A6A1-9199C8C3883C}.Release|Any CPU.ActiveCfg = Release|Any CPU
		{29F87DA1-6C13-43F0-A6A1-9199C8C3883C}.Release|Any CPU.Build.0 = Release|Any CPU
	EndGlobalSection
	GlobalSection(SolutionProperties) = preSolution
		HideSolutionNode = FALSE
	EndGlobalSection
	GlobalSection(NestedProjects) = preSolution
		{96C1B6EF-EE86-4B4A-A77A-F9E1BEB4A1A9} = {4225C4DC-8CCA-4E8D-BB44-C750BEA3C2D1}
		{A8EE539E-996A-4E0D-995B-5BEE16A1C5F2} = {4225C4DC-8CCA-4E8D-BB44-C750BEA3C2D1}
		{493A9F0E-4AFC-4AEE-ACFA-D3530407C2DF} = {4225C4DC-8CCA-4E8D-BB44-C750BEA3C2D1}
		{3C2FFBC8-0DDE-41A8-96C2-9EF5D8CACA26} = {4225C4DC-8CCA-4E8D-BB44-C750BEA3C2D1}
		{20FBFE8A-04DA-413B-BBA4-E6E1C0B392CE} = {87517672-8FE6-4805-AB32-695816BEC53F}
		{121210E4-063A-4BA3-BCF1-5127F9E2A8CA} = {87517672-8FE6-4805-AB32-695816BEC53F}
		{29F87DA1-6C13-43F0-A6A1-9199C8C3883C} = {87517672-8FE6-4805-AB32-695816BEC53F}
	EndGlobalSection
EndGlobal
